
Microsoft Visual Studio Solution File, Format Version 12.00
# Visual Studio Version 16
VisualStudioVersion = 16.0.29102.190
MinimumVisualStudioVersion = 10.0.40219.1
Project("{FAE04EC0-301F-11D3-BF4B-00C04F79EFBC}") = "Calendar.Android", "Demo\Demo.Android\Calendar.Android.csproj", "{6741FDA2-7C41-45D3-8050-BABFA78E7C2D}"
EndProject
Project("{FAE04EC0-301F-11D3-BF4B-00C04F79EFBC}") = "Calendar.iOS", "Demo\Demo.iOS\Calendar.iOS.csproj", "{F2A28C0A-C75A-4654-A62F-BFC708A8D3BB}"
EndProject
Project("{9A19103F-16F7-4668-BE54-9A1E7A4F7556}") = "david", "Demo\Demo\david.csproj", "{F80D580B-F83C-4A90-8FB0-442B6FF163E4}"
EndProject
Global
	GlobalSection(SolutionConfigurationPlatforms) = preSolution
		Ad-Hoc|Any CPU = Ad-Hoc|Any CPU
		Ad-Hoc|iPhone = Ad-Hoc|iPhone
		Ad-Hoc|iPhoneSimulator = Ad-Hoc|iPhoneSimulator
		AppStore|Any CPU = AppStore|Any CPU
		AppStore|iPhone = AppStore|iPhone
		AppStore|iPhoneSimulator = AppStore|iPhoneSimulator
		Debug|Any CPU = Debug|Any CPU
		Debug|iPhone = Debug|iPhone
		Debug|iPhoneSimulator = Debug|iPhoneSimulator
		Release|Any CPU = Release|Any CPU
		Release|iPhone = Release|iPhone
		Release|iPhoneSimulator = Release|iPhoneSimulator
	EndGlobalSection
	GlobalSection(ProjectConfigurationPlatforms) = postSolution
		{6741FDA2-7C41-45D3-8050-BABFA78E7C2D}.Ad-Hoc|Any CPU.ActiveCfg = Release|Any CPU
		{6741FDA2-7C41-45D3-8050-BABFA78E7C2D}.Ad-Hoc|Any CPU.Build.0 = Release|Any CPU
		{6741FDA2-7C41-45D3-8050-BABFA78E7C2D}.Ad-Hoc|Any CPU.Deploy.0 = Release|Any CPU
		{6741FDA2-7C41-45D3-8050-BABFA78E7C2D}.Ad-Hoc|iPhone.ActiveCfg = Release|Any CPU
		{6741FDA2-7C41-45D3-8050-BABFA78E7C2D}.Ad-Hoc|iPhone.Build.0 = Release|Any CPU
		{6741FDA2-7C41-45D3-8050-BABFA78E7C2D}.Ad-Hoc|iPhone.Deploy.0 = Release|Any CPU
		{6741FDA2-7C41-45D3-8050-BABFA78E7C2D}.Ad-Hoc|iPhoneSimulator.ActiveCfg = Release|Any CPU
		{6741FDA2-7C41-45D3-8050-BABFA78E7C2D}.Ad-Hoc|iPhoneSimulator.Build.0 = Release|Any CPU
		{6741FDA2-7C41-45D3-8050-BABFA78E7C2D}.Ad-Hoc|iPhoneSimulator.Deploy.0 = Release|Any CPU
		{6741FDA2-7C41-45D3-8050-BABFA78E7C2D}.AppStore|Any CPU.ActiveCfg = Release|Any CPU
		{6741FDA2-7C41-45D3-8050-BABFA78E7C2D}.AppStore|Any CPU.Build.0 = Release|Any CPU
		{6741FDA2-7C41-45D3-8050-BABFA78E7C2D}.AppStore|Any CPU.Deploy.0 = Release|Any CPU
		{6741FDA2-7C41-45D3-8050-BABFA78E7C2D}.AppStore|iPhone.ActiveCfg = Release|Any CPU
		{6741FDA2-7C41-45D3-8050-BABFA78E7C2D}.AppStore|iPhone.Build.0 = Release|Any CPU
		{6741FDA2-7C41-45D3-8050-BABFA78E7C2D}.AppStore|iPhone.Deploy.0 = Release|Any CPU
		{6741FDA2-7C41-45D3-8050-BABFA78E7C2D}.AppStore|iPhoneSimulator.ActiveCfg = Release|Any CPU
		{6741FDA2-7C41-45D3-8050-BABFA78E7C2D}.AppStore|iPhoneSimulator.Build.0 = Release|Any CPU
		{6741FDA2-7C41-45D3-8050-BABFA78E7C2D}.AppStore|iPhoneSimulator.Deploy.0 = Release|Any CPU
		{6741FDA2-7C41-45D3-8050-BABFA78E7C2D}.Debug|Any CPU.ActiveCfg = Debug|Any CPU
		{6741FDA2-7C41-45D3-8050-BABFA78E7C2D}.Debug|Any CPU.Build.0 = Debug|Any CPU
		{6741FDA2-7C41-45D3-8050-BABFA78E7C2D}.Debug|Any CPU.Deploy.0 = Debug|Any CPU
		{6741FDA2-7C41-45D3-8050-BABFA78E7C2D}.Debug|iPhone.ActiveCfg = Debug|Any CPU
		{6741FDA2-7C41-45D3-8050-BABFA78E7C2D}.Debug|iPhone.Build.0 = Debug|Any CPU
		{6741FDA2-7C41-45D3-8050-BABFA78E7C2D}.Debug|iPhone.Deploy.0 = Debug|Any CPU
		{6741FDA2-7C41-45D3-8050-BABFA78E7C2D}.Debug|iPhoneSimulator.ActiveCfg = Debug|Any CPU
		{6741FDA2-7C41-45D3-8050-BABFA78E7C2D}.Debug|iPhoneSimulator.Build.0 = Debug|Any CPU
		{6741FDA2-7C41-45D3-8050-BABFA78E7C2D}.Debug|iPhoneSimulator.Deploy.0 = Debug|Any CPU
		{6741FDA2-7C41-45D3-8050-BABFA78E7C2D}.Release|Any CPU.ActiveCfg = Release|Any CPU
		{6741FDA2-7C41-45D3-8050-BABFA78E7C2D}.Release|Any CPU.Build.0 = Release|Any CPU
		{6741FDA2-7C41-45D3-8050-BABFA78E7C2D}.Release|Any CPU.Deploy.0 = Release|Any CPU
		{6741FDA2-7C41-45D3-8050-BABFA78E7C2D}.Release|iPhone.ActiveCfg = Release|Any CPU
		{6741FDA2-7C41-45D3-8050-BABFA78E7C2D}.Release|iPhone.Build.0 = Release|Any CPU
		{6741FDA2-7C41-45D3-8050-BABFA78E7C2D}.Release|iPhone.Deploy.0 = Release|Any CPU
		{6741FDA2-7C41-45D3-8050-BABFA78E7C2D}.Release|iPhoneSimulator.ActiveCfg = Release|Any CPU
		{6741FDA2-7C41-45D3-8050-BABFA78E7C2D}.Release|iPhoneSimulator.Build.0 = Release|Any CPU
		{6741FDA2-7C41-45D3-8050-BABFA78E7C2D}.Release|iPhoneSimulator.Deploy.0 = Release|Any CPU
		{F2A28C0A-C75A-4654-A62F-BFC708A8D3BB}.Ad-Hoc|Any CPU.ActiveCfg = Ad-Hoc|iPhone
		{F2A28C0A-C75A-4654-A62F-BFC708A8D3BB}.Ad-Hoc|Any CPU.Build.0 = Ad-Hoc|iPhone
		{F2A28C0A-C75A-4654-A62F-BFC708A8D3BB}.Ad-Hoc|Any CPU.Deploy.0 = Ad-Hoc|iPhone
		{F2A28C0A-C75A-4654-A62F-BFC708A8D3BB}.Ad-Hoc|iPhone.ActiveCfg = Ad-Hoc|iPhone
		{F2A28C0A-C75A-4654-A62F-BFC708A8D3BB}.Ad-Hoc|iPhone.Build.0 = Ad-Hoc|iPhone
		{F2A28C0A-C75A-4654-A62F-BFC708A8D3BB}.Ad-Hoc|iPhone.Deploy.0 = Ad-Hoc|iPhone
		{F2A28C0A-C75A-4654-A62F-BFC708A8D3BB}.Ad-Hoc|iPhoneSimulator.ActiveCfg = Ad-Hoc|iPhoneSimulator
		{F2A28C0A-C75A-4654-A62F-BFC708A8D3BB}.Ad-Hoc|iPhoneSimulator.Build.0 = Ad-Hoc|iPhoneSimulator
		{F2A28C0A-C75A-4654-A62F-BFC708A8D3BB}.Ad-Hoc|iPhoneSimulator.Deploy.0 = Ad-Hoc|iPhoneSimulator
		{F2A28C0A-C75A-4654-A62F-BFC708A8D3BB}.AppStore|Any CPU.ActiveCfg = AppStore|iPhone
		{F2A28C0A-C75A-4654-A62F-BFC708A8D3BB}.AppStore|Any CPU.Build.0 = AppStore|iPhone
		{F2A28C0A-C75A-4654-A62F-BFC708A8D3BB}.AppStore|Any CPU.Deploy.0 = AppStore|iPhone
		{F2A28C0A-C75A-4654-A62F-BFC708A8D3BB}.AppStore|iPhone.ActiveCfg = AppStore|iPhone
		{F2A28C0A-C75A-4654-A62F-BFC708A8D3BB}.AppStore|iPhone.Build.0 = AppStore|iPhone
		{F2A28C0A-C75A-4654-A62F-BFC708A8D3BB}.AppStore|iPhone.Deploy.0 = AppStore|iPhone
		{F2A28C0A-C75A-4654-A62F-BFC708A8D3BB}.AppStore|iPhoneSimulator.ActiveCfg = AppStore|iPhoneSimulator
		{F2A28C0A-C75A-4654-A62F-BFC708A8D3BB}.AppStore|iPhoneSimulator.Build.0 = AppStore|iPhoneSimulator
		{F2A28C0A-C75A-4654-A62F-BFC708A8D3BB}.AppStore|iPhoneSimulator.Deploy.0 = AppStore|iPhoneSimulator
		{F2A28C0A-C75A-4654-A62F-BFC708A8D3BB}.Debug|Any CPU.ActiveCfg = Debug|iPhoneSimulator
		{F2A28C0A-C75A-4654-A62F-BFC708A8D3BB}.Debug|Any CPU.Deploy.0 = Debug|iPhoneSimulator
		{F2A28C0A-C75A-4654-A62F-BFC708A8D3BB}.Debug|iPhone.ActiveCfg = Debug|iPhone
		{F2A28C0A-C75A-4654-A62F-BFC708A8D3BB}.Debug|iPhone.Build.0 = Debug|iPhone
		{F2A28C0A-C75A-4654-A62F-BFC708A8D3BB}.Debug|iPhone.Deploy.0 = Debug|iPhone
		{F2A28C0A-C75A-4654-A62F-BFC708A8D3BB}.Debug|iPhoneSimulator.ActiveCfg = Debug|iPhoneSimulator
		{F2A28C0A-C75A-4654-A62F-BFC708A8D3BB}.Debug|iPhoneSimulator.Build.0 = Debug|iPhoneSimulator
		{F2A28C0A-C75A-4654-A62F-BFC708A8D3BB}.Debug|iPhoneSimulator.Deploy.0 = Debug|iPhoneSimulator
		{F2A28C0A-C75A-4654-A62F-BFC708A8D3BB}.Release|Any CPU.ActiveCfg = Release|iPhone
		{F2A28C0A-C75A-4654-A62F-BFC708A8D3BB}.Release|Any CPU.Build.0 = Release|iPhone
		{F2A28C0A-C75A-4654-A62F-BFC708A8D3BB}.Release|Any CPU.Deploy.0 = Release|iPhone
		{F2A28C0A-C75A-4654-A62F-BFC708A8D3BB}.Release|iPhone.ActiveCfg = Release|iPhone
		{F2A28C0A-C75A-4654-A62F-BFC708A8D3BB}.Release|iPhone.Build.0 = Release|iPhone
		{F2A28C0A-C75A-4654-A62F-BFC708A8D3BB}.Release|iPhone.Deploy.0 = Release|iPhone
		{F2A28C0A-C75A-4654-A62F-BFC708A8D3BB}.Release|iPhoneSimulator.ActiveCfg = Release|iPhoneSimulator
		{F2A28C0A-C75A-4654-A62F-BFC708A8D3BB}.Release|iPhoneSimulator.Build.0 = Release|iPhoneSimulator
		{F2A28C0A-C75A-4654-A62F-BFC708A8D3BB}.Release|iPhoneSimulator.Deploy.0 = Release|iPhoneSimulator
		{F80D580B-F83C-4A90-8FB0-442B6FF163E4}.Ad-Hoc|Any CPU.ActiveCfg = Debug|Any CPU
		{F80D580B-F83C-4A90-8FB0-442B6FF163E4}.Ad-Hoc|Any CPU.Build.0 = Debug|Any CPU
		{F80D580B-F83C-4A90-8FB0-442B6FF163E4}.Ad-Hoc|Any CPU.Deploy.0 = Debug|Any CPU
		{F80D580B-F83C-4A90-8FB0-442B6FF163E4}.Ad-Hoc|iPhone.ActiveCfg = Debug|Any CPU
		{F80D580B-F83C-4A90-8FB0-442B6FF163E4}.Ad-Hoc|iPhone.Build.0 = Debug|Any CPU
		{F80D580B-F83C-4A90-8FB0-442B6FF163E4}.Ad-Hoc|iPhone.Deploy.0 = Debug|Any CPU
		{F80D580B-F83C-4A90-8FB0-442B6FF163E4}.Ad-Hoc|iPhoneSimulator.ActiveCfg = Debug|Any CPU
		{F80D580B-F83C-4A90-8FB0-442B6FF163E4}.Ad-Hoc|iPhoneSimulator.Build.0 = Debug|Any CPU
		{F80D580B-F83C-4A90-8FB0-442B6FF163E4}.Ad-Hoc|iPhoneSimulator.Deploy.0 = Debug|Any CPU
		{F80D580B-F83C-4A90-8FB0-442B6FF163E4}.AppStore|Any CPU.ActiveCfg = Debug|Any CPU
		{F80D580B-F83C-4A90-8FB0-442B6FF163E4}.AppStore|Any CPU.Build.0 = Debug|Any CPU
		{F80D580B-F83C-4A90-8FB0-442B6FF163E4}.AppStore|Any CPU.Deploy.0 = Debug|Any CPU
		{F80D580B-F83C-4A90-8FB0-442B6FF163E4}.AppStore|iPhone.ActiveCfg = Debug|Any CPU
		{F80D580B-F83C-4A90-8FB0-442B6FF163E4}.AppStore|iPhone.Build.0 = Debug|Any CPU
		{F80D580B-F83C-4A90-8FB0-442B6FF163E4}.AppStore|iPhone.Deploy.0 = Debug|Any CPU
		{F80D580B-F83C-4A90-8FB0-442B6FF163E4}.AppStore|iPhoneSimulator.ActiveCfg = Debug|Any CPU
		{F80D580B-F83C-4A90-8FB0-442B6FF163E4}.AppStore|iPhoneSimulator.Build.0 = Debug|Any CPU
		{F80D580B-F83C-4A90-8FB0-442B6FF163E4}.AppStore|iPhoneSimulator.Deploy.0 = Debug|Any CPU
		{F80D580B-F83C-4A90-8FB0-442B6FF163E4}.Debug|Any CPU.ActiveCfg = Debug|Any CPU
		{F80D580B-F83C-4A90-8FB0-442B6FF163E4}.Debug|Any CPU.Build.0 = Debug|Any CPU
		{F80D580B-F83C-4A90-8FB0-442B6FF163E4}.Debug|Any CPU.Deploy.0 = Debug|Any CPU
		{F80D580B-F83C-4A90-8FB0-442B6FF163E4}.Debug|iPhone.ActiveCfg = Debug|Any CPU
		{F80D580B-F83C-4A90-8FB0-442B6FF163E4}.Debug|iPhone.Build.0 = Debug|Any CPU
		{F80D580B-F83C-4A90-8FB0-442B6FF163E4}.Debug|iPhone.Deploy.0 = Debug|Any CPU
		{F80D580B-F83C-4A90-8FB0-442B6FF163E4}.Debug|iPhoneSimulator.ActiveCfg = Debug|Any CPU
		{F80D580B-F83C-4A90-8FB0-442B6FF163E4}.Debug|iPhoneSimulator.Build.0 = Debug|Any CPU
		{F80D580B-F83C-4A90-8FB0-442B6FF163E4}.Debug|iPhoneSimulator.Deploy.0 = Debug|Any CPU
		{F80D580B-F83C-4A90-8FB0-442B6FF163E4}.Release|Any CPU.ActiveCfg = Release|Any CPU
		{F80D580B-F83C-4A90-8FB0-442B6FF163E4}.Release|Any CPU.Build.0 = Release|Any CPU
		{F80D580B-F83C-4A90-8FB0-442B6FF163E4}.Release|Any CPU.Deploy.0 = Release|Any CPU
		{F80D580B-F83C-4A90-8FB0-442B6FF163E4}.Release|iPhone.ActiveCfg = Release|Any CPU
		{F80D580B-F83C-4A90-8FB0-442B6FF163E4}.Release|iPhone.Build.0 = Release|Any CPU
		{F80D580B-F83C-4A90-8FB0-442B6FF163E4}.Release|iPhone.Deploy.0 = Release|Any CPU
		{F80D580B-F83C-4A90-8FB0-442B6FF163E4}.Release|iPhoneSimulator.ActiveCfg = Release|Any CPU
		{F80D580B-F83C-4A90-8FB0-442B6FF163E4}.Release|iPhoneSimulator.Build.0 = Release|Any CPU
		{F80D580B-F83C-4A90-8FB0-442B6FF163E4}.Release|iPhoneSimulator.Deploy.0 = Release|Any CPU
	EndGlobalSection
	GlobalSection(SolutionProperties) = preSolution
		HideSolutionNode = FALSE
	EndGlobalSection
	GlobalSection(ExtensibilityGlobals) = postSolution
		SolutionGuid = {1931D5B6-3B82-481E-AB1B-9408F1B01CD9}
	EndGlobalSection
EndGlobal
